schema = "reprobuild.solved-graph-lock.v2"

[lock]
platform = "amd64-linux"
optimal = false
inputs_digest = "fnv1a64:7bab592ac8798c07"
variants = []
packages = [{ name = "basename", version = "1.0.0", source = "basename", selection = "selected" }, { name = "bash", version = "4.0.0", source = "bash", selection = "selected" }, { name = "chmod", version = "1.0.0", source = "chmod", selection = "selected" }, { name = "cp", version = "1.0.0", source = "cp", selection = "selected" }, { name = "dirname", version = "1.0.0", source = "dirname", selection = "selected" }, { name = "echo", version = "1.0.0", source = "echo", selection = "selected" }, { name = "find", version = "1.0.0", source = "find", selection = "selected" }, { name = "gcc", version = "12.0.0", source = "gcc", selection = "selected" }, { name = "git", version = "2.0.0", source = "git", selection = "selected" }, { name = "grep", version = "1.0.0", source = "grep", selection = "selected" }, { name = "head", version = "1.0.0", source = "head", selection = "selected" }, { name = "just", version = "1.0.0", source = "just", selection = "selected" }, { name = "mkdir", version = "1.0.0", source = "mkdir", selection = "selected" }, { name = "mktemp", version = "1.0.0", source = "mktemp", selection = "selected" }, { name = "mv", version = "1.0.0", source = "mv", selection = "selected" }, { name = "nim", version = "2.2.0", source = "nim", selection = "selected" }, { name = "nim-shm-lease", version = "1.0.0", source = "nim-shm-lease", selection = "selected" }, { name = "nix", version = "1.0.0", source = "nix", selection = "selected" }, { name = "nixfmt", version = "1.0.0", source = "nixfmt", selection = "selected" }, { name = "node", version = "22.0.0", source = "node", selection = "selected" }, { name = "od", version = "1.0.0", source = "od", selection = "selected" }, { name = "patchelf", version = "1.0.0", source = "patchelf", selection = "selected" }, { name = "prek", version = "1.0.0", source = "prek", selection = "selected" }, { name = "ps", version = "1.0.0", source = "ps", selection = "selected" }, { name = "readelf", version = "1.0.0", source = "readelf", selection = "selected" }, { name = "readlink", version = "1.0.0", source = "readlink", selection = "selected" }, { name = "repomix", version = "1.0.0", source = "repomix", selection = "selected" }, { name = "rm", version = "1.0.0", source = "rm", selection = "selected" }, { name = "runquota", version = "0.1.0", source = "runquota", selection = "selected" }, { name = "sed", version = "1.0.0", source = "sed", selection = "selected" }, { name = "sh", version = "1.0.0", source = "sh", selection = "selected" }, { name = "shellcheck", version = "1.0.0", source = "shellcheck", selection = "selected" }, { name = "shfmt", version = "1.0.0", source = "shfmt", selection = "selected" }, { name = "sleep", version = "1.0.0", source = "sleep", selection = "selected" }, { name = "sort", version = "1.0.0", source = "sort", selection = "selected" }, { name = "sqlite3", version = "3.0.0", source = "sqlite3", selection = "selected" }, { name = "timeout", version = "1.0.0", source = "timeout", selection = "selected" }, { name = "touch", version = "1.0.0", source = "touch", selection = "selected" }, { name = "tr", version = "1.0.0", source = "tr", selection = "selected" }, { name = "typos", version = "1.0.0", source = "typos", selection = "selected" }, { name = "uname", version = "1.0.0", source = "uname", selection = "selected" }, { name = "wc", version = "1.0.0", source = "wc", selection = "selected" }]
deps = [{ name = "runquota", path = ".", coord_kind = "vcs", url = "https://github.com/metacraft-labs/runquota", ref = "agents-to-dev-2026-10-04", revision = "50e4e26c08716208acfba2e74566f2ea179d753d", integrity = "git-sha1:50e4e26c08716208acfba2e74566f2ea179d753d", version = "", visibility = "public", participation = "", depends = "", tags = "" }]
